
Microsoft Visual Studio Solution File, Format Version 12.00
# Visual Studio Version 16
VisualStudioVersion = 16.0.31205.134
MinimumVisualStudioVersion = 10.0.40219.1
Project("{FAE04EC0-301F-11D3-BF4B-00C04F79EFBC}") = "quản lý bán hàng", "quản lý bán hàng\quản lý bán hàng.csproj", "{E141285C-60E5-4FB5-9ADC-001BFE4E9604}"
EndProject
Global
	GlobalSection(SolutionConfigurationPlatforms) = preSolution
		Debug|Any CPU = Debug|Any CPU
		Release|Any CPU = Release|Any CPU
	EndGlobalSection
	GlobalSection(ProjectConfigurationPlatforms) = postSolution
		{E141285C-60E5-4FB5-9ADC-001BFE4E9604}.Debug|Any CPU.ActiveCfg = Debug|Any CPU
		{E141285C-60E5-4FB5-9ADC-001BFE4E9604}.Debug|Any CPU.Build.0 = Debug|Any CPU
		{E141285C-60E5-4FB5-9ADC-001BFE4E9604}.Release|Any CPU.ActiveCfg = Release|Any CPU
		{E141285C-60E5-4FB5-9ADC-001BFE4E9604}.Release|Any CPU.Build.0 = Release|Any CPU
	EndGlobalSection
	GlobalSection(SolutionProperties) = preSolution
		HideSolutionNode = FALSE
	EndGlobalSection
	GlobalSection(ExtensibilityGlobals) = postSolution
		SolutionGuid = {3F944167-F507-4197-A84D-3ECD73BFA910}
	EndGlobalSection
EndGlobal
