
Microsoft Visual Studio Solution File, Format Version 12.00
# Visual Studio 15
VisualStudioVersion = 15.0.28307.1913
MinimumVisualStudioVersion = 10.0.40219.1
Project("{FAE04EC0-301F-11D3-BF4B-00C04F79EFBC}") = "bai1ltc", "bai1ltc\bai1ltc.csproj", "{5F9AC805-1BFA-4929-BD25-DA48071BE59B}"
EndProject
Global
	GlobalSection(SolutionConfigurationPlatforms) = preSolution
		Debug|Any CPU = Debug|Any CPU
		Release|Any CPU = Release|Any CPU
	EndGlobalSection
	GlobalSection(ProjectConfigurationPlatforms) = postSolution
		{5F9AC805-1BFA-4929-BD25-DA48071BE59B}.Debug|Any CPU.ActiveCfg = Debug|Any CPU
		{5F9AC805-1BFA-4929-BD25-DA48071BE59B}.Debug|Any CPU.Build.0 = Debug|Any CPU
		{5F9AC805-1BFA-4929-BD25-DA48071BE59B}.Release|Any CPU.ActiveCfg = Release|Any CPU
		{5F9AC805-1BFA-4929-BD25-DA48071BE59B}.Release|Any CPU.Build.0 = Release|Any CPU
	EndGlobalSection
	GlobalSection(SolutionProperties) = preSolution
		HideSolutionNode = FALSE
	EndGlobalSection
	GlobalSection(ExtensibilityGlobals) = postSolution
		SolutionGuid = {FE2E5531-4EB3-4EF4-9BD4-8CA9BD8FB10C}
	EndGlobalSection
EndGlobal
