
Microsoft Visual Studio Solution File, Format Version 12.00
# Visual Studio 15
VisualStudioVersion = 15.0.28307.1913
MinimumVisualStudioVersion = 10.0.40219.1
Project("{FAE04EC0-301F-11D3-BF4B-00C04F79EFBC}") = "banhang", "banhang\banhang.csproj", "{9198E5A4-8E54-4FAB-A06E-94707F6EA7CD}"
EndProject
Global
	GlobalSection(SolutionConfigurationPlatforms) = preSolution
		Debug|Any CPU = Debug|Any CPU
		Release|Any CPU = Release|Any CPU
	EndGlobalSection
	GlobalSection(ProjectConfigurationPlatforms) = postSolution
		{9198E5A4-8E54-4FAB-A06E-94707F6EA7CD}.Debug|Any CPU.ActiveCfg = Debug|Any CPU
		{9198E5A4-8E54-4FAB-A06E-94707F6EA7CD}.Debug|Any CPU.Build.0 = Debug|Any CPU
		{9198E5A4-8E54-4FAB-A06E-94707F6EA7CD}.Release|Any CPU.ActiveCfg = Release|Any CPU
		{9198E5A4-8E54-4FAB-A06E-94707F6EA7CD}.Release|Any CPU.Build.0 = Release|Any CPU
	EndGlobalSection
	GlobalSection(SolutionProperties) = preSolution
		HideSolutionNode = FALSE
	EndGlobalSection
	GlobalSection(ExtensibilityGlobals) = postSolution
		SolutionGuid = {7E7F0854-339D-4F06-A129-A85601745734}
	EndGlobalSection
EndGlobal
